
Microsoft Visual Studio Solution File, Format Version 12.00
# Visual Studio Version 17
VisualStudioVersion = 17.4.33205.214
MinimumVisualStudioVersion = 10.0.40219.1
Project("{FAE04EC0-301F-11D3-BF4B-00C04F79EFBC}") = "DemoCraftSpring2023", "DemoCraftSpring2023\DemoCraftSpring2023.csproj", "{A957AA91-5C8C-49E3-9142-6A750BF87778}"
EndProject
Global
	GlobalSection(SolutionConfigurationPlatforms) = preSolution
		Debug|Any CPU = Debug|Any CPU
		Release|Any CPU = Release|Any CPU
	EndGlobalSection
	GlobalSection(ProjectConfigurationPlatforms) = postSolution
		{A957AA91-5C8C-49E3-9142-6A750BF87778}.Debug|Any CPU.ActiveCfg = Debug|Any CPU
		{A957AA91-5C8C-49E3-9142-6A750BF87778}.Debug|Any CPU.Build.0 = Debug|Any CPU
		{A957AA91-5C8C-49E3-9142-6A750BF87778}.Release|Any CPU.ActiveCfg = Release|Any CPU
		{A957AA91-5C8C-49E3-9142-6A750BF87778}.Release|Any CPU.Build.0 = Release|Any CPU
	EndGlobalSection
	GlobalSection(SolutionProperties) = preSolution
		HideSolutionNode = FALSE
	EndGlobalSection
	GlobalSection(ExtensibilityGlobals) = postSolution
		SolutionGuid = {23F9442B-C46C-404C-A05F-6450891651EE}
	EndGlobalSection
EndGlobal
